
Microsoft Visual Studio Solution File, Format Version 12.00
# Visual Studio Version 17
VisualStudioVersion = 17.1.32210.238
MinimumVisualStudioVersion = 10.0.40219.1
Project("{FAE04EC0-301F-11D3-BF4B-00C04F79EFBC}") = "WiredBrainCoffee.StorageApp", "WiredBrainCoffee.StorageApp.csproj", "{434A5D8D-5047-4EEE-AE70-709CA4B5C09D}"
EndProject
Global
	GlobalSection(SolutionConfigurationPlatforms) = preSolution
		Debug|Any CPU = Debug|Any CPU
		Release|Any CPU = Release|Any CPU
	EndGlobalSection
	GlobalSection(ProjectConfigurationPlatforms) = postSolution
		{434A5D8D-5047-4EEE-AE70-709CA4B5C09D}.Debug|Any CPU.ActiveCfg = Debug|Any CPU
		{434A5D8D-5047-4EEE-AE70-709CA4B5C09D}.Debug|Any CPU.Build.0 = Debug|Any CPU
		{434A5D8D-5047-4EEE-AE70-709CA4B5C09D}.Release|Any CPU.ActiveCfg = Release|Any CPU
		{434A5D8D-5047-4EEE-AE70-709CA4B5C09D}.Release|Any CPU.Build.0 = Release|Any CPU
	EndGlobalSection
	GlobalSection(SolutionProperties) = preSolution
		HideSolutionNode = FALSE
	EndGlobalSection
	GlobalSection(ExtensibilityGlobals) = postSolution
		SolutionGuid = {44863D5E-083F-4B6F-9670-9E6F5923F8C4}
	EndGlobalSection
EndGlobal
