
Microsoft Visual Studio Solution File, Format Version 12.00
# Visual Studio Version 16
VisualStudioVersion = 16.0.31229.75
MinimumVisualStudioVersion = 10.0.40219.1
Project("{FAE04EC0-301F-11D3-BF4B-00C04F79EFBC}") = "ToDoApi", "ToDoApi.csproj", "{201FFE38-B5E0-40CE-854A-FEB30141137A}"
EndProject
Global
	GlobalSection(SolutionConfigurationPlatforms) = preSolution
		Debug|Any CPU = Debug|Any CPU
		Release|Any CPU = Release|Any CPU
	EndGlobalSection
	GlobalSection(ProjectConfigurationPlatforms) = postSolution
		{201FFE38-B5E0-40CE-854A-FEB30141137A}.Debug|Any CPU.ActiveCfg = Debug|Any CPU
		{201FFE38-B5E0-40CE-854A-FEB30141137A}.Debug|Any CPU.Build.0 = Debug|Any CPU
		{201FFE38-B5E0-40CE-854A-FEB30141137A}.Release|Any CPU.ActiveCfg = Release|Any CPU
		{201FFE38-B5E0-40CE-854A-FEB30141137A}.Release|Any CPU.Build.0 = Release|Any CPU
	EndGlobalSection
	GlobalSection(SolutionProperties) = preSolution
		HideSolutionNode = FALSE
	EndGlobalSection
	GlobalSection(ExtensibilityGlobals) = postSolution
		SolutionGuid = {1047145A-659C-44BF-B095-E22D55EFAEBD}
	EndGlobalSection
EndGlobal
