
Microsoft Visual Studio Solution File, Format Version 12.00
# Visual Studio Version 17
VisualStudioVersion = 17.1.32210.238
MinimumVisualStudioVersion = 10.0.40219.1
Project("{FAE04EC0-301F-11D3-BF4B-00C04F79EFBC}") = "MyClasses", "MyClasses.csproj", "{B67FF8D6-46F8-4591-AB7D-4B3B924710BA}"
EndProject
Project("{FAE04EC0-301F-11D3-BF4B-00C04F79EFBC}") = "MyClassesTest", "..\MyClassesTest\MyClassesTest.csproj", "{56A10243-DF07-45B3-9D00-8127AA3BAC2F}"
EndProject
Global
	GlobalSection(SolutionConfigurationPlatforms) = preSolution
		Debug|Any CPU = Debug|Any CPU
		Release|Any CPU = Release|Any CPU
	EndGlobalSection
	GlobalSection(ProjectConfigurationPlatforms) = postSolution
		{B67FF8D6-46F8-4591-AB7D-4B3B924710BA}.Debug|Any CPU.ActiveCfg = Debug|Any CPU
		{B67FF8D6-46F8-4591-AB7D-4B3B924710BA}.Debug|Any CPU.Build.0 = Debug|Any CPU
		{B67FF8D6-46F8-4591-AB7D-4B3B924710BA}.Release|Any CPU.ActiveCfg = Release|Any CPU
		{B67FF8D6-46F8-4591-AB7D-4B3B924710BA}.Release|Any CPU.Build.0 = Release|Any CPU
		{56A10243-DF07-45B3-9D00-8127AA3BAC2F}.Debug|Any CPU.ActiveCfg = Debug|Any CPU
		{56A10243-DF07-45B3-9D00-8127AA3BAC2F}.Debug|Any CPU.Build.0 = Debug|Any CPU
		{56A10243-DF07-45B3-9D00-8127AA3BAC2F}.Release|Any CPU.ActiveCfg = Release|Any CPU
		{56A10243-DF07-45B3-9D00-8127AA3BAC2F}.Release|Any CPU.Build.0 = Release|Any CPU
	EndGlobalSection
	GlobalSection(SolutionProperties) = preSolution
		HideSolutionNode = FALSE
	EndGlobalSection
	GlobalSection(ExtensibilityGlobals) = postSolution
		SolutionGuid = {2225EFBC-38C6-46C9-AD3A-714D5324487A}
	EndGlobalSection
EndGlobal
